// !$*UTF8*$!
{
	archiveVersion = 1;
	classes = {
	};
	objectVersion = 55;
	objects = {

/* Begin PBXBuildFile section */
		47AC3AA72872F01100E78679 /* Tests_iOS.swift in Sources */ = {isa = PBXBuildFile; fileRef = 47AC3AA62872F01100E78679 /* Tests_iOS.swift */; };
		47AC3AA92872F01100E78679 /* Tests_iOSLaunchTests.swift in Sources */ = {isa = PBXBuildFile; fileRef = 47AC3AA82872F01100E78679 /* Tests_iOSLaunchTests.swift */; };
		47AC3AB32872F01100E78679 /* Tests_macOS.swift in Sources */ = {isa = PBXBuildFile; fileRef = 47AC3AB22872F01100E78679 /* Tests_macOS.swift */; };
		47AC3AB52872F01100E78679 /* Tests_macOSLaunchTests.swift in Sources */ = {isa = PBXBuildFile; fileRef = 47AC3AB42872F01100E78679 /* Tests_macOSLaunchTests.swift */; };
		47AC3AB62872F01100E78679 /* WeatherNowApp.swift in Sources */ = {isa = PBXBuildFile; fileRef = 47AC3A8E2872F00E00E78679 /* WeatherNowApp.swift */; };
		47AC3AB72872F01100E78679 /* WeatherNowApp.swift in Sources */ = {isa = PBXBuildFile; fileRef = 47AC3A8E2872F00E00E78679 /* WeatherNowApp.swift */; };
		47AC3AB82872F01100E78679 /* ContentView.swift in Sources */ = {isa = PBXBuildFile; fileRef = 47AC3A8F2872F00E00E78679 /* ContentView.swift */; };
		47AC3AB92872F01100E78679 /* ContentView.swift in Sources */ = {isa = PBXBuildFile; fileRef = 47AC3A8F2872F00E00E78679 /* ContentView.swift */; };
		47AC3ABA2872F01100E78679 /* Assets.xcassets in Resources */ = {isa = PBXBuildFile; fileRef = 47AC3A902872F01100E78679 /* Assets.xcassets */; };
		47AC3ABB2872F01100E78679 /* Assets.xcassets in Resources */ = {isa = PBXBuildFile; fileRef = 47AC3A902872F01100E78679 /* Assets.xcassets */; };
/* End PBXBuildFile section */

/* Begin PBXContainerItemProxy section */
		47AC3AA32872F01100E78679 /* PBXContainerItemProxy */ = {
			isa = PBXContainerItemProxy;
			containerPortal = 47AC3A892872F00E00E78679 /* Project object */;
			proxyType = 1;
			remoteGlobalIDString = 47AC3A942872F01100E78679;
			remoteInfo = "WeatherNow (iOS)";
		};
		47AC3AAF2872F01100E78679 /* PBXContainerItemProxy */ = {
			isa = PBXContainerItemProxy;
			containerPortal = 47AC3A892872F00E00E78679 /* Project object */;
			proxyType = 1;
			remoteGlobalIDString = 47AC3A9A2872F01100E78679;
			remoteInfo = "WeatherNow (macOS)";
		};
/* End PBXContainerItemProxy section */

/* Begin PBXFileReference section */
		47AC3A8E2872F00E00E78679 /* WeatherNowApp.swift */ = {isa = PBXFileReference; lastKnownFileType = sourcecode.swift; path = WeatherNowApp.swift; sourceTree = "<group>"; };
		47AC3A8F2872F00E00E78679 /* ContentView.swift */ = {isa = PBXFileReference; lastKnownFileType = sourcecode.swift; path = ContentView.swift; sourceTree = "<group>"; };
		47AC3A902872F01100E78679 /* Assets.xcassets */ = {isa = PBXFileReference; lastKnownFileType = folder.assetcatalog; path = Assets.xcassets; sourceTree = "<group>"; };
		47AC3A952872F01100E78679 /* WeatherNow.app */ = {isa = PBXFileReference; explicitFileType = wrapper.application; includeInIndex = 0; path = WeatherNow.app; sourceTree = BUILT_PRODUCTS_DIR; };
		47AC3A9B2872F01100E78679 /* WeatherNow.app */ = {isa = PBXFileReference; explicitFileType = wrapper.application; includeInIndex = 0; path = WeatherNow.app; sourceTree = BUILT_PRODUCTS_DIR; };
		47AC3A9D2872F01100E78679 /* macOS.entitlements */ = {isa = PBXFileReference; lastKnownFileType = text.plist.entitlements; path = macOS.entitlements; sourceTree = "<group>"; };
		47AC3AA22872F01100E78679 /* Tests iOS.xctest */ = {isa = PBXFileReference; explicitFileType = wrapper.cfbundle; includeInIndex = 0; path = "Tests iOS.xctest"; sourceTree = BUILT_PRODUCTS_DIR; };
		47AC3AA62872F01100E78679 /* Tests_iOS.swift */ = {isa = PBXFileReference; lastKnownFileType = sourcecode.swift; path = Tests_iOS.swift; sourceTree = "<group>"; };
		47AC3AA82872F01100E78679 /* Tests_iOSLaunchTests.swift */ = {isa = PBXFileReference; lastKnownFileType = sourcecode.swift; path = Tests_iOSLaunchTests.swift; sourceTree = "<group>"; };
		47AC3AAE2872F01100E78679 /* Tests macOS.xctest */ = {isa = PBXFileReference; explicitFileType = wrapper.cfbundle; includeInIndex = 0; path = "Tests macOS.xctest"; sourceTree = BUILT_PRODUCTS_DIR; };
		47AC3AB22872F01100E78679 /* Tests_macOS.swift */ = {isa = PBXFileReference; lastKnownFileType = sourcecode.swift; path = Tests_macOS.swift; sourceTree = "<group>"; };
		47AC3AB42872F01100E78679 /* Tests_macOSLaunchTests.swift */ = {isa = PBXFileReference; lastKnownFileType = sourcecode.swift; path = Tests_macOSLaunchTests.swift; sourceTree = "<group>"; };
/* End PBXFileReference section */

/* Begin PBXFrameworksBuildPhase section */
		47AC3A922872F01100E78679 /* Frameworks */ = {
			isa = PBXFrameworksBuildPhase;
			buildActionMask = 2147483647;
			files = (
			);
			runOnlyForDeploymentPostprocessing = 0;
		};
		47AC3A982872F01100E78679 /* Frameworks */ = {
			isa = PBXFrameworksBuildPhase;
			buildActionMask = 2147483647;
			files = (
			);
			runOnlyForDeploymentPostprocessing = 0;
		};
		47AC3A9F2872F01100E78679 /* Frameworks */ = {
			isa = PBXFrameworksBuildPhase;
			buildActionMask = 2147483647;
			files = (
			);
			runOnlyForDeploymentPostprocessing = 0;
		};
		47AC3AAB2872F01100E78679 /* Frameworks */ = {
			isa = PBXFrameworksBuildPhase;
			buildActionMask = 2147483647;
			files = (
			);
			runOnlyForDeploymentPostprocessing = 0;
		};
/* End PBXFrameworksBuildPhase section */

/* Begin PBXGroup section */
		47AC3A882872F00E00E78679 = {
			isa = PBXGroup;
			children = (
				47AC3A8D2872F00E00E78679 /* Shared */,
				47AC3A9C2872F01100E78679 /* macOS */,
				47AC3AA52872F01100E78679 /* Tests iOS */,
				47AC3AB12872F01100E78679 /* Tests macOS */,
				47AC3A962872F01100E78679 /* Products */,
			);
			sourceTree = "<group>";
		};
		47AC3A8D2872F00E00E78679 /* Shared */ = {
			isa = PBXGroup;
			children = (
				47AC3A8E2872F00E00E78679 /* WeatherNowApp.swift */,
				47AC3A8F2872F00E00E78679 /* ContentView.swift */,
				47AC3A902872F01100E78679 /* Assets.xcassets */,
			);
			path = Shared;
			sourceTree = "<group>";
		};
		47AC3A962872F01100E78679 /* Products */ = {
			isa = PBXGroup;
			children = (
				47AC3A952872F01100E78679 /* WeatherNow.app */,
				47AC3A9B2872F01100E78679 /* WeatherNow.app */,
				47AC3AA22872F01100E78679 /* Tests iOS.xctest */,
				47AC3AAE2872F01100E78679 /* Tests macOS.xctest */,
			);
			name = Products;
			sourceTree = "<group>";
		};
		47AC3A9C2872F01100E78679 /* macOS */ = {
			isa = PBXGroup;
			children = (
				47AC3A9D2872F01100E78679 /* macOS.entitlements */,
			);
			path = macOS;
			sourceTree = "<group>";
		};
		47AC3AA52872F01100E78679 /* Tests iOS */ = {
			isa = PBXGroup;
			children = (
				47AC3AA62872F01100E78679 /* Tests_iOS.swift */,
				47AC3AA82872F01100E78679 /* Tests_iOSLaunchTests.swift */,
			);
			path = "Tests iOS";
			sourceTree = "<group>";
		};
		47AC3AB12872F01100E78679 /* Tests macOS */ = {
			isa = PBXGroup;
			children = (
				47AC3AB22872F01100E78679 /* Tests_macOS.swift */,
				47AC3AB42872F01100E78679 /* Tests_macOSLaunchTests.swift */,
			);
			path = "Tests macOS";
			sourceTree = "<group>";
		};
/* End PBXGroup section */

/* Begin PBXNativeTarget section */
		47AC3A942872F01100E78679 /* WeatherNow (iOS) */ = {
			isa = PBXNativeTarget;
			buildConfigurationList = 47AC3ABE2872F01100E78679 /* Build configuration list for PBXNativeTarget "WeatherNow (iOS)" */;
			buildPhases = (
				47AC3A912872F01100E78679 /* Sources */,
				47AC3A922872F01100E78679 /* Frameworks */,
				47AC3A932872F01100E78679 /* Resources */,
			);
			buildRules = (
			);
			dependencies = (
			);
			name = "WeatherNow (iOS)";
			productName = "WeatherNow (iOS)";
			productReference = 47AC3A952872F01100E78679 /* WeatherNow.app */;
			productType = "com.apple.product-type.application";
		};
		47AC3A9A2872F01100E78679 /* WeatherNow (macOS) */ = {
			isa = PBXNativeTarget;
			buildConfigurationList = 47AC3AC12872F01100E78679 /* Build configuration list for PBXNativeTarget "WeatherNow (macOS)" */;
			buildPhases = (
				47AC3A972872F01100E78679 /* Sources */,
				47AC3A982872F01100E78679 /* Frameworks */,
				47AC3A992872F01100E78679 /* Resources */,
			);
			buildRules = (
			);
			dependencies = (
			);
			name = "WeatherNow (macOS)";
			productName = "WeatherNow (macOS)";
			productReference = 47AC3A9B2872F01100E78679 /* WeatherNow.app */;
			productType = "com.apple.product-type.application";
		};
		47AC3AA12872F01100E78679 /* Tests iOS */ = {
			isa = PBXNativeTarget;
			buildConfigurationList = 47AC3AC42872F01100E78679 /* Build configuration list for PBXNativeTarget "Tests iOS" */;
			buildPhases = (
				47AC3A9E2872F01100E78679 /* Sources */,
				47AC3A9F2872F01100E78679 /* Frameworks */,
				47AC3AA02872F01100E78679 /* Resources */,
			);
			buildRules = (
			);
			dependencies = (
				47AC3AA42872F01100E78679 /* PBXTargetDependency */,
			);
			name = "Tests iOS";
			productName = "Tests iOS";
			productReference = 47AC3AA22872F01100E78679 /* Tests iOS.xctest */;
			productType = "com.apple.product-type.bundle.ui-testing";
		};
		47AC3AAD2872F01100E78679 /* Tests macOS */ = {
			isa = PBXNativeTarget;
			buildConfigurationList = 47AC3AC72872F01100E78679 /* Build configuration list for PBXNativeTarget "Tests macOS" */;
			buildPhases = (
				47AC3AAA2872F01100E78679 /* Sources */,
				47AC3AAB2872F01100E78679 /* Frameworks */,
				47AC3AAC2872F01100E78679 /* Resources */,
			);
			buildRules = (
			);
			dependencies = (
				47AC3AB02872F01100E78679 /* PBXTargetDependency */,
			);
			name = "Tests macOS";
			productName = "Tests macOS";
			productReference = 47AC3AAE2872F01100E78679 /* Tests macOS.xctest */;
			productType = "com.apple.product-type.bundle.ui-testing";
		};
/* End PBXNativeTarget section */

/* Begin PBXProject section */
		47AC3A892872F00E00E78679 /* Project object */ = {
			isa = PBXProject;
			attributes = {
				BuildIndependentTargetsInParallel = 1;
				LastSwiftUpdateCheck = 1340;
				LastUpgradeCheck = 1340;
				TargetAttributes = {
					47AC3A942872F01100E78679 = {
						CreatedOnToolsVersion = 13.4.1;
					};
					47AC3A9A2872F01100E78679 = {
						CreatedOnToolsVersion = 13.4.1;
					};
					47AC3AA12872F01100E78679 = {
						CreatedOnToolsVersion = 13.4.1;
						TestTargetID = 47AC3A942872F01100E78679;
					};
					47AC3AAD2872F01100E78679 = {
						CreatedOnToolsVersion = 13.4.1;
						TestTargetID = 47AC3A9A2872F01100E78679;
					};
				};
			};
			buildConfigurationList = 47AC3A8C2872F00E00E78679 /* Build configuration list for PBXProject "WeatherNow" */;
			compatibilityVersion = "Xcode 13.0";
			developmentRegion = en;
			hasScannedForEncodings = 0;
			knownRegions = (
				en,
				Base,
			);
			mainGroup = 47AC3A882872F00E00E78679;
			productRefGroup = 47AC3A962872F01100E78679 /* Products */;
			projectDirPath = "";
			projectRoot = "";
			targets = (
				47AC3A942872F01100E78679 /* WeatherNow (iOS) */,
				47AC3A9A2872F01100E78679 /* WeatherNow (macOS) */,
				47AC3AA12872F01100E78679 /* Tests iOS */,
				47AC3AAD2872F01100E78679 /* Tests macOS */,
			);
		};
/* End PBXProject section */

/* Begin PBXResourcesBuildPhase section */
		47AC3A932872F01100E78679 /* Resources */ = {
			isa = PBXResourcesBuildPhase;
			buildActionMask = 2147483647;
			files = (
				47AC3ABA2872F01100E78679 /* Assets.xcassets in Resources */,
			);
			runOnlyForDeploymentPostprocessing = 0;
		};
		47AC3A992872F01100E78679 /* Resources */ = {
			isa = PBXResourcesBuildPhase;
			buildActionMask = 2147483647;
			files = (
				47AC3ABB2872F01100E78679 /* Assets.xcassets in Resources */,
			);
			runOnlyForDeploymentPostprocessing = 0;
		};
		47AC3AA02872F01100E78679 /* Resources */ = {
			isa = PBXResourcesBuildPhase;
			buildActionMask = 2147483647;
			files = (
			);
			runOnlyForDeploymentPostprocessing = 0;
		};
		47AC3AAC2872F01100E78679 /* Resources */ = {
			isa = PBXResourcesBuildPhase;
			buildActionMask = 2147483647;
			files = (
			);
			runOnlyForDeploymentPostprocessing = 0;
		};
/* End PBXResourcesBuildPhase section */

/* Begin PBXSourcesBuildPhase section */
		47AC3A912872F01100E78679 /* Sources */ = {
			isa = PBXSourcesBuildPhase;
			buildActionMask = 2147483647;
			files = (
				47AC3AB82872F01100E78679 /* ContentView.swift in Sources */,
				47AC3AB62872F01100E78679 /* WeatherNowApp.swift in Sources */,
			);
			runOnlyForDeploymentPostprocessing = 0;
		};
		47AC3A972872F01100E78679 /* Sources */ = {
			isa = PBXSourcesBuildPhase;
			buildActionMask = 2147483647;
			files = (
				47AC3AB92872F01100E78679 /* ContentView.swift in Sources */,
				47AC3AB72872F01100E78679 /* WeatherNowApp.swift in Sources */,
			);
			runOnlyForDeploymentPostprocessing = 0;
		};
		47AC3A9E2872F01100E78679 /* Sources */ = {
			isa = PBXSourcesBuildPhase;
			buildActionMask = 2147483647;
			files = (
				47AC3AA92872F01100E78679 /* Tests_iOSLaunchTests.swift in Sources */,
				47AC3AA72872F01100E78679 /* Tests_iOS.swift in Sources */,
			);
			runOnlyForDeploymentPostprocessing = 0;
		};
		47AC3AAA2872F01100E78679 /* Sources */ = {
			isa = PBXSourcesBuildPhase;
			buildActionMask = 2147483647;
			files = (
				47AC3AB52872F01100E78679 /* Tests_macOSLaunchTests.swift in Sources */,
				47AC3AB32872F01100E78679 /* Tests_macOS.swift in Sources */,
			);
			runOnlyForDeploymentPostprocessing = 0;
		};
/* End PBXSourcesBuildPhase section */

/* Begin PBXTargetDependency section */
		47AC3AA42872F01100E78679 /* PBXTargetDependency */ = {
			isa = PBXTargetDependency;
			target = 47AC3A942872F01100E78679 /* WeatherNow (iOS) */;
			targetProxy = 47AC3AA32872F01100E78679 /* PBXContainerItemProxy */;
		};
		47AC3AB02872F01100E78679 /* PBXTargetDependency */ = {
			isa = PBXTargetDependency;
			target = 47AC3A9A2872F01100E78679 /* WeatherNow (macOS) */;
			targetProxy = 47AC3AAF2872F01100E78679 /* PBXContainerItemProxy */;
		};
/* End PBXTargetDependency section */

/* Begin XCBuildConfiguration section */
		47AC3ABC2872F01100E78679 /* Debug */ = {
			isa = XCBuildConfiguration;
			buildSettings = {
				ALWAYS_SEARCH_USER_PATHS = NO;
				CLANG_ANALYZER_NONNULL = YES;
				CLANG_ANALYZER_NUMBER_OBJECT_CONVERSION = YES_AGGRESSIVE;
				CLANG_CXX_LANGUAGE_STANDARD = "gnu++17";
				CLANG_ENABLE_MODULES = YES;
				CLANG_ENABLE_OBJC_ARC = YES;
				CLANG_ENABLE_OBJC_WEAK = YES;
				CLANG_WARN_BLOCK_CAPTURE_AUTORELEASING = YES;
				CLANG_WARN_BOOL_CONVERSION = YES;
				CLANG_WARN_COMMA = YES;
				CLANG_WARN_CONSTANT_CONVERSION = YES;
				CLANG_WARN_DEPRECATED_OBJC_IMPLEMENTATIONS = YES;
				CLANG_WARN_DIRECT_OBJC_ISA_USAGE = YES_ERROR;
				CLANG_WARN_DOCUMENTATION_COMMENTS = YES;
				CLANG_WARN_EMPTY_BODY = YES;
				CLANG_WARN_ENUM_CONVERSION = YES;
				CLANG_WARN_INFINITE_RECURSION = YES;
				CLANG_WARN_INT_CONVERSION = YES;
				CLANG_WARN_NON_LITERAL_NULL_CONVERSION = YES;
				CLANG_WARN_OBJC_IMPLICIT_RETAIN_SELF = YES;
				CLANG_WARN_OBJC_LITERAL_CONVERSION = YES;
				CLANG_WARN_OBJC_ROOT_CLASS = YES_ERROR;
				CLANG_WARN_QUOTED_INCLUDE_IN_FRAMEWORK_HEADER = YES;
				CLANG_WARN_RANGE_LOOP_ANALYSIS = YES;
				CLANG_WARN_STRICT_PROTOTYPES = YES;
				CLANG_WARN_SUSPICIOUS_MOVE = YES;
				CLANG_WARN_UNGUARDED_AVAILABILITY = YES_AGGRESSIVE;
				CLANG_WARN_UNREACHABLE_CODE = YES;
				CLANG_WARN__DUPLICATE_METHOD_MATCH = YES;
				COPY_PHASE_STRIP = NO;
				DEBUG_INFORMATION_FORMAT = dwarf;
				ENABLE_STRICT_OBJC_MSGSEND = YES;
				ENABLE_TESTABILITY = YES;
				GCC_C_LANGUAGE_STANDARD = gnu11;
				GCC_DYNAMIC_NO_PIC = NO;
				GCC_NO_COMMON_BLOCKS = YES;
				GCC_OPTIMIZATION_LEVEL = 0;
				GCC_PREPROCESSOR_DEFINITIONS = (
					"DEBUG=1",
					"$(inherited)",
				);
				GCC_WARN_64_TO_32_BIT_CONVERSION = YES;
				GCC_WARN_ABOUT_RETURN_TYPE = YES_ERROR;
				GCC_WARN_UNDECLARED_SELECTOR = YES;
				GCC_WARN_UNINITIALIZED_AUTOS = YES_AGGRESSIVE;
				GCC_WARN_UNUSED_FUNCTION = YES;
				GCC_WARN_UNUSED_VARIABLE = YES;
				MTL_ENABLE_DEBUG_INFO = INCLUDE_SOURCE;
				MTL_FAST_MATH = YES;
				ONLY_ACTIVE_ARCH = YES;
				SWIFT_ACTIVE_COMPILATION_CONDITIONS = DEBUG;
				SWIFT_OPTIMIZATION_LEVEL = "-Onone";
			};
			name = Debug;
		};
		47AC3ABD2872F01100E78679 /* Release */ = {
			isa = XCBuildConfiguration;
			buildSettings = {
				ALWAYS_SEARCH_USER_PATHS = NO;
				CLANG_ANALYZER_NONNULL = YES;
				CLANG_ANALYZER_NUMBER_OBJECT_CONVERSION = YES_AGGRESSIVE;
				CLANG_CXX_LANGUAGE_STANDARD = "gnu++17";
				CLANG_ENABLE_MODULES = YES;
				CLANG_ENABLE_OBJC_ARC = YES;
				CLANG_ENABLE_OBJC_WEAK = YES;
				CLANG_WARN_BLOCK_CAPTURE_AUTORELEASING = YES;
				CLANG_WARN_BOOL_CONVERSION = YES;
				CLANG_WARN_COMMA = YES;
				CLANG_WARN_CONSTANT_CONVERSION = YES;
				CLANG_WARN_DEPRECATED_OBJC_IMPLEMENTATIONS = YES;
				CLANG_WARN_DIRECT_OBJC_ISA_USAGE = YES_ERROR;
				CLANG_WARN_DOCUMENTATION_COMMENTS = YES;
				CLANG_WARN_EMPTY_BODY = YES;
				CLANG_WARN_ENUM_CONVERSION = YES;
				CLANG_WARN_INFINITE_RECURSION = YES;
				CLANG_WARN_INT_CONVERSION = YES;
				CLANG_WARN_NON_LITERAL_NULL_CONVERSION = YES;
				CLANG_WARN_OBJC_IMPLICIT_RETAIN_SELF = YES;
				CLANG_WARN_OBJC_LITERAL_CONVERSION = YES;
				CLANG_WARN_OBJC_ROOT_CLASS = YES_ERROR;
				CLANG_WARN_QUOTED_INCLUDE_IN_FRAMEWORK_HEADER = YES;
				CLANG_WARN_RANGE_LOOP_ANALYSIS = YES;
				CLANG_WARN_STRICT_PROTOTYPES = YES;
				CLANG_WARN_SUSPICIOUS_MOVE = YES;
				CLANG_WARN_UNGUARDED_AVAILABILITY = YES_AGGRESSIVE;
				CLANG_WARN_UNREACHABLE_CODE = YES;
				CLANG_WARN__DUPLICATE_METHOD_MATCH = YES;
				COPY_PHASE_STRIP = NO;
				DEBUG_INFORMATION_FORMAT = "dwarf-with-dsym";
				ENABLE_NS_ASSERTIONS = NO;
				ENABLE_STRICT_OBJC_MSGSEND = YES;
				GCC_C_LANGUAGE_STANDARD = gnu11;
				GCC_NO_COMMON_BLOCKS = YES;
				GCC_WARN_64_TO_32_BIT_CONVERSION = YES;
				GCC_WARN_ABOUT_RETURN_TYPE = YES_ERROR;
				GCC_WARN_UNDECLARED_SELECTOR = YES;
				GCC_WARN_UNINITIALIZED_AUTOS = YES_AGGRESSIVE;
				GCC_WARN_UNUSED_FUNCTION = YES;
				GCC_WARN_UNUSED_VARIABLE = YES;
				MTL_ENABLE_DEBUG_INFO = NO;
				MTL_FAST_MATH = YES;
				SWIFT_COMPILATION_MODE = wholemodule;
				SWIFT_OPTIMIZATION_LEVEL = "-O";
			};
			name = Release;
		};
		47AC3ABF2872F01100E78679 /* Debug */ = {
			isa = XCBuildConfiguration;
			buildSettings = {
				ASSETCATALOG_COMPILER_APPICON_NAME = AppIcon;
				ASSETCATALOG_COMPILER_GLOBAL_ACCENT_COLOR_NAME = AccentColor;
				CODE_SIGN_STYLE = Automatic;
				CURRENT_PROJECT_VERSION = 1;
				ENABLE_PREVIEWS = YES;
				GENERATE_INFOPLIST_FILE = YES;
				INFOPLIST_KEY_UIApplicationSceneManifest_Generation = YES;
				INFOPLIST_KEY_UIApplicationSupportsIndirectInputEvents = YES;
				INFOPLIST_KEY_UILaunchScreen_Generation = YES;
				INFOPLIST_KEY_UISupportedInterfaceOrientations_iPad = "UIInterfaceOrientationPortrait UIInterfaceOrientationPortraitUpsideDown UIInterfaceOrientationLandscapeLeft UIInterfaceOrientationLandscapeRight";
				INFOPLIST_KEY_UISupportedInterfaceOrientations_iPhone = "UIInterfaceOrientationPortrait UIInterfaceOrientationLandscapeLeft UIInterfaceOrientationLandscapeRight";
				IPHONEOS_DEPLOYMENT_TARGET = 15.5;
				LD_RUNPATH_SEARCH_PATHS = (
					"$(inherited)",
					"@executable_path/Frameworks",
				);
				MARKETING_VERSION = 1.0;
				PRODUCT_BUNDLE_IDENTIFIER = com.WeatherNow;
				PRODUCT_NAME = WeatherNow;
				SDKROOT = iphoneos;
				SWIFT_EMIT_LOC_STRINGS = YES;
				SWIFT_VERSION = 5.0;
				TARGETED_DEVICE_FAMILY = "1,2";
			};
			name = Debug;
		};
		47AC3AC02872F01100E78679 /* Release */ = {
			isa = XCBuildConfiguration;
			buildSettings = {
				ASSETCATALOG_COMPILER_APPICON_NAME = AppIcon;
				ASSETCATALOG_COMPILER_GLOBAL_ACCENT_COLOR_NAME = AccentColor;
				CODE_SIGN_STYLE = Automatic;
				CURRENT_PROJECT_VERSION = 1;
				ENABLE_PREVIEWS = YES;
				GENERATE_INFOPLIST_FILE = YES;
				INFOPLIST_KEY_UIApplicationSceneManifest_Generation = YES;
				INFOPLIST_KEY_UIApplicationSupportsIndirectInputEvents = YES;
				INFOPLIST_KEY_UILaunchScreen_Generation = YES;
				INFOPLIST_KEY_UISupportedInterfaceOrientations_iPad = "UIInterfaceOrientationPortrait UIInterfaceOrientationPortraitUpsideDown UIInterfaceOrientationLandscapeLeft UIInterfaceOrientationLandscapeRight";
				INFOPLIST_KEY_UISupportedInterfaceOrientations_iPhone = "UIInterfaceOrientationPortrait UIInterfaceOrientationLandscapeLeft UIInterfaceOrientationLandscapeRight";
				IPHONEOS_DEPLOYMENT_TARGET = 15.5;
				LD_RUNPATH_SEARCH_PATHS = (
					"$(inherited)",
					"@executable_path/Frameworks",
				);
				MARKETING_VERSION = 1.0;
				PRODUCT_BUNDLE_IDENTIFIER = com.WeatherNow;
				PRODUCT_NAME = WeatherNow;
				SDKROOT = iphoneos;
				SWIFT_EMIT_LOC_STRINGS = YES;
				SWIFT_VERSION = 5.0;
				TARGETED_DEVICE_FAMILY = "1,2";
				VALIDATE_PRODUCT = YES;
			};
			name = Release;
		};
		47AC3AC22872F01100E78679 /* Debug */ = {
			isa = XCBuildConfiguration;
			buildSettings = {
				ASSETCATALOG_COMPILER_APPICON_NAME = AppIcon;
				ASSETCATALOG_COMPILER_GLOBAL_ACCENT_COLOR_NAME = AccentColor;
				CODE_SIGN_ENTITLEMENTS = macOS/macOS.entitlements;
				CODE_SIGN_STYLE = Automatic;
				COMBINE_HIDPI_IMAGES = YES;
				CURRENT_PROJECT_VERSION = 1;
				ENABLE_PREVIEWS = YES;
				GENERATE_INFOPLIST_FILE = YES;
				INFOPLIST_KEY_NSHumanReadableCopyright = "";
				LD_RUNPATH_SEARCH_PATHS = (
					"$(inherited)",
					"@executable_path/../Frameworks",
				);
				MACOSX_DEPLOYMENT_TARGET = 12.3;
				MARKETING_VERSION = 1.0;
				PRODUCT_BUNDLE_IDENTIFIER = com.WeatherNow;
				PRODUCT_NAME = WeatherNow;
				SDKROOT = macosx;
				SWIFT_EMIT_LOC_STRINGS = YES;
				SWIFT_VERSION = 5.0;
			};
			name = Debug;
		};
		47AC3AC32872F01100E78679 /* Release */ = {
			isa = XCBuildConfiguration;
			buildSettings = {
				ASSETCATALOG_COMPILER_APPICON_NAME = AppIcon;
				ASSETCATALOG_COMPILER_GLOBAL_ACCENT_COLOR_NAME = AccentColor;
				CODE_SIGN_ENTITLEMENTS = macOS/macOS.entitlements;
				CODE_SIGN_STYLE = Automatic;
				COMBINE_HIDPI_IMAGES = YES;
				CURRENT_PROJECT_VERSION = 1;
				ENABLE_PREVIEWS = YES;
				GENERATE_INFOPLIST_FILE = YES;
				INFOPLIST_KEY_NSHumanReadableCopyright = "";
				LD_RUNPATH_SEARCH_PATHS = (
					"$(inherited)",
					"@executable_path/../Frameworks",
				);
				MACOSX_DEPLOYMENT_TARGET = 12.3;
				MARKETING_VERSION = 1.0;
				PRODUCT_BUNDLE_IDENTIFIER = com.WeatherNow;
				PRODUCT_NAME = WeatherNow;
				SDKROOT = macosx;
				SWIFT_EMIT_LOC_STRINGS = YES;
				SWIFT_VERSION = 5.0;
			};
			name = Release;
		};
		47AC3AC52872F01100E78679 /* Debug */ = {
			isa = XCBuildConfiguration;
			buildSettings = {
				ALWAYS_EMBED_SWIFT_STANDARD_LIBRARIES = YES;
				CODE_SIGN_STYLE = Automatic;
				CURRENT_PROJECT_VERSION = 1;
				GENERATE_INFOPLIST_FILE = YES;
				IPHONEOS_DEPLOYMENT_TARGET = 15.5;
				MARKETING_VERSION = 1.0;
				PRODUCT_BUNDLE_IDENTIFIER = "com.Tests-iOS";
				PRODUCT_NAME = "$(TARGET_NAME)";
				SDKROOT = iphoneos;
				SWIFT_EMIT_LOC_STRINGS = NO;
				SWIFT_VERSION = 5.0;
				TARGETED_DEVICE_FAMILY = "1,2";
				TEST_TARGET_NAME = "WeatherNow (iOS)";
			};
			name = Debug;
		};
		47AC3AC62872F01100E78679 /* Release */ = {
			isa = XCBuildConfiguration;
			buildSettings = {
				ALWAYS_EMBED_SWIFT_STANDARD_LIBRARIES = YES;
				CODE_SIGN_STYLE = Automatic;
				CURRENT_PROJECT_VERSION = 1;
				GENERATE_INFOPLIST_FILE = YES;
				IPHONEOS_DEPLOYMENT_TARGET = 15.5;
				MARKETING_VERSION = 1.0;
				PRODUCT_BUNDLE_IDENTIFIER = "com.Tests-iOS";
				PRODUCT_NAME = "$(TARGET_NAME)";
				SDKROOT = iphoneos;
				SWIFT_EMIT_LOC_STRINGS = NO;
				SWIFT_VERSION = 5.0;
				TARGETED_DEVICE_FAMILY = "1,2";
				TEST_TARGET_NAME = "WeatherNow (iOS)";
				VALIDATE_PRODUCT = YES;
			};
			name = Release;
		};
		47AC3AC82872F01100E78679 /* Debug */ = {
			isa = XCBuildConfiguration;
			buildSettings = {
				ALWAYS_EMBED_SWIFT_STANDARD_LIBRARIES = YES;
				CODE_SIGN_STYLE = Automatic;
				CURRENT_PROJECT_VERSION = 1;
				GENERATE_INFOPLIST_FILE = YES;
				MACOSX_DEPLOYMENT_TARGET = 12.3;
				MARKETING_VERSION = 1.0;
				PRODUCT_BUNDLE_IDENTIFIER = "com.Tests-macOS";
				PRODUCT_NAME = "$(TARGET_NAME)";
				SDKROOT = macosx;
				SWIFT_EMIT_LOC_STRINGS = NO;
				SWIFT_VERSION = 5.0;
				TEST_TARGET_NAME = "WeatherNow (macOS)";
			};
			name = Debug;
		};
		47AC3AC92872F01100E78679 /* Release */ = {
			isa = XCBuildConfiguration;
			buildSettings = {
				ALWAYS_EMBED_SWIFT_STANDARD_LIBRARIES = YES;
				CODE_SIGN_STYLE = Automatic;
				CURRENT_PROJECT_VERSION = 1;
				GENERATE_INFOPLIST_FILE = YES;
				MACOSX_DEPLOYMENT_TARGET = 12.3;
				MARKETING_VERSION = 1.0;
				PRODUCT_BUNDLE_IDENTIFIER = "com.Tests-macOS";
				PRODUCT_NAME = "$(TARGET_NAME)";
				SDKROOT = macosx;
				SWIFT_EMIT_LOC_STRINGS = NO;
				SWIFT_VERSION = 5.0;
				TEST_TARGET_NAME = "WeatherNow (macOS)";
			};
			name = Release;
		};
/* End XCBuildConfiguration section */

/* Begin XCConfigurationList section */
		47AC3A8C2872F00E00E78679 /* Build configuration list for PBXProject "WeatherNow" */ = {
			isa = XCConfigurationList;
			buildConfigurations = (
				47AC3ABC2872F01100E78679 /* Debug */,
				47AC3ABD2872F01100E78679 /* Release */,
			);
			defaultConfigurationIsVisible = 0;
			defaultConfigurationName = Release;
		};
		47AC3ABE2872F01100E78679 /* Build configuration list for PBXNativeTarget "WeatherNow (iOS)" */ = {
			isa = XCConfigurationList;
			buildConfigurations = (
				47AC3ABF2872F01100E78679 /* Debug */,
				47AC3AC02872F01100E78679 /* Release */,
			);
			defaultConfigurationIsVisible = 0;
			defaultConfigurationName = Release;
		};
		47AC3AC12872F01100E78679 /* Build configuration list for PBXNativeTarget "WeatherNow (macOS)" */ = {
			isa = XCConfigurationList;
			buildConfigurations = (
				47AC3AC22872F01100E78679 /* Debug */,
				47AC3AC32872F01100E78679 /* Release */,
			);
			defaultConfigurationIsVisible = 0;
			defaultConfigurationName = Release;
		};
		47AC3AC42872F01100E78679 /* Build configuration list for PBXNativeTarget "Tests iOS" */ = {
			isa = XCConfigurationList;
			buildConfigurations = (
				47AC3AC52872F01100E78679 /* Debug */,
				47AC3AC62872F01100E78679 /* Release */,
			);
			defaultConfigurationIsVisible = 0;
			defaultConfigurationName = Release;
		};
		47AC3AC72872F01100E78679 /* Build configuration list for PBXNativeTarget "Tests macOS" */ = {
			isa = XCConfigurationList;
			buildConfigurations = (
				47AC3AC82872F01100E78679 /* Debug */,
				47AC3AC92872F01100E78679 /* Release */,
			);
			defaultConfigurationIsVisible = 0;
			defaultConfigurationName = Release;
		};
/* End XCConfigurationList section */
	};
	rootObject = 47AC3A892872F00E00E78679 /* Project object */;
}
